
Microsoft Visual Studio Solution File, Format Version 12.00
# Visual Studio Version 17
VisualStudioVersion = 17.5.002.0
MinimumVisualStudioVersion = 10.0.40219.1
Project("{9A19103F-16F7-4668-BE54-9A1E7A4F7556}") = "VRoidChinese", "VRoidChinese\VRoidChinese.csproj", "{B53DAA64-9FA7-4C3D-8BBC-D957B3AEA858}"
EndProject
Global
	GlobalSection(SolutionConfigurationPlatforms) = preSolution
		Debug|Any CPU = Debug|Any CPU
		Release|Any CPU = Release|Any CPU
	EndGlobalSection
	GlobalSection(ProjectConfigurationPlatforms) = postSolution
		{B53DAA64-9FA7-4C3D-8BBC-D957B3AEA858}.Debug|Any CPU.ActiveCfg = Debug|Any CPU
		{B53DAA64-9FA7-4C3D-8BBC-D957B3AEA858}.Debug|Any CPU.Build.0 = Debug|Any CPU
		{B53DAA64-9FA7-4C3D-8BBC-D957B3AEA858}.Release|Any CPU.ActiveCfg = Release|Any CPU
		{B53DAA64-9FA7-4C3D-8BBC-D957B3AEA858}.Release|Any CPU.Build.0 = Release|Any CPU
	EndGlobalSection
	GlobalSection(SolutionProperties) = preSolution
		HideSolutionNode = FALSE
	EndGlobalSection
	GlobalSection(ExtensibilityGlobals) = postSolution
		SolutionGuid = {C46A3297-31BE-4492-9FB2-720AAC9218DE}
	EndGlobalSection
EndGlobal
