
Microsoft Visual Studio Solution File, Format Version 12.00
# Visual Studio Version 16
VisualStudioVersion = 16.0.30413.136
MinimumVisualStudioVersion = 10.0.40219.1
Project("{FAE04EC0-301F-11D3-BF4B-00C04F79EFBC}") = "VRoidChinese", "VRoidChinese\VRoidChinese.csproj", "{7156A862-678E-4037-9AD9-42B207BA3CD0}"
EndProject
Global
	GlobalSection(SolutionConfigurationPlatforms) = preSolution
		Debug|Any CPU = Debug|Any CPU
		Release|Any CPU = Release|Any CPU
	EndGlobalSection
	GlobalSection(ProjectConfigurationPlatforms) = postSolution
		{7156A862-678E-4037-9AD9-42B207BA3CD0}.Debug|Any CPU.ActiveCfg = Debug|Any CPU
		{7156A862-678E-4037-9AD9-42B207BA3CD0}.Debug|Any CPU.Build.0 = Debug|Any CPU
		{7156A862-678E-4037-9AD9-42B207BA3CD0}.Release|Any CPU.ActiveCfg = Release|Any CPU
		{7156A862-678E-4037-9AD9-42B207BA3CD0}.Release|Any CPU.Build.0 = Release|Any CPU
	EndGlobalSection
	GlobalSection(SolutionProperties) = preSolution
		HideSolutionNode = FALSE
	EndGlobalSection
	GlobalSection(ExtensibilityGlobals) = postSolution
		SolutionGuid = {55518DE3-E74A-413F-9140-B58B2E83D4DD}
	EndGlobalSection
EndGlobal
